{
  "requires": true,
  "lockfileVersion": 1,
  "dependencies": {
    "@flaskfullofcoffee/palindrome": {
      "version": "1.0.0",
      "resolved": "https://registry.npmjs.org/@flaskfullofcoffee/palindrome/-/palindrome-1.0.0.tgz",
      "integrity": "sha512-Qcu/txNT1RNmmc93haAy0VfJgLrQDOsLkdb4YzXX1tZRdQYpmU7BPhmUPolJJXu9x3ilMmFAnUbO7Yz4xwQshw=="
    }
  }
}
